{
  "name": "godot-game-template",
  "lockfileVersion": 2,
  "requires": true,
  "packages": {
    "": {
      "dependencies": {
        "@cloudflare/workers-types": "^3.14.1"
      }
    },
    "node_modules/@cloudflare/workers-types": {
      "version": "3.14.1",
      "resolved": "https://registry.npmjs.org/@cloudflare/workers-types/-/workers-types-3.14.1.tgz",
      "integrity": "sha512-B1/plF62pt+H2IJHvApK8fdOJAVsvojvacuac8x8s+JIyqbropMyqNqHTKLm3YD8ZFLGwYeFTudU+PQ7vGvBdA=="
    }
  },
  "dependencies": {
    "@cloudflare/workers-types": {
      "version": "3.14.1",
      "resolved": "https://registry.npmjs.org/@cloudflare/workers-types/-/workers-types-3.14.1.tgz",
      "integrity": "sha512-B1/plF62pt+H2IJHvApK8fdOJAVsvojvacuac8x8s+JIyqbropMyqNqHTKLm3YD8ZFLGwYeFTudU+PQ7vGvBdA=="
    }
  }
}
